
Microsoft Visual Studio Solution File, Format Version 12.00
# Visual Studio 15
VisualStudioVersion = 15.0.26730.12
MinimumVisualStudioVersion = 10.0.40219.1
Project("{FAE04EC0-301F-11D3-BF4B-00C04F79EFBC}") = "RATBVMvvmCross.Droid", "RATBVMvvmCross\RATBVMvvmCross.Droid\RATBVMvvmCross.Droid.csproj", "{B161F44C-2A34-4D55-A3DF-CE92CDD9BAFE}"
EndProject
Project("{FAE04EC0-301F-11D3-BF4B-00C04F79EFBC}") = "RATBVMvvmCross.UWP", "RATBVMvvmCross\RATBVMvvmCross.UWP\RATBVMvvmCross.UWP.csproj", "{E5585A9B-4165-4CB0-BEC4-D1A2AA056E7A}"
EndProject
Project("{9A19103F-16F7-4668-BE54-9A1E7A4F7556}") = "RATBVMvvmCross", "RATBVMvvmCross\RATBVMvvmCross\RATBVMvvmCross.csproj", "{67C05C1B-8501-497E-9441-BAFAC38C2BC9}"
EndProject
Project("{FAE04EC0-301F-11D3-BF4B-00C04F79EFBC}") = "RATBVMvvmCross.iOS", "RATBVMvvmCross\RATBVMvvmCross.iOS\RATBVMvvmCross.iOS.csproj", "{1C26096A-66BB-433B-BB93-DE25FF54426E}"
EndProject
Project("{FAE04EC0-301F-11D3-BF4B-00C04F79EFBC}") = "RATBVMvvmCross.WPF", "RATBVMvvmCross\RATBVMvvmCross.WPF\RATBVMvvmCross.WPF.csproj", "{70FD27B4-DD83-4AA0-8178-7D3F22833C0B}"
EndProject
Global
	GlobalSection(SolutionConfigurationPlatforms) = preSolution
		Ad-Hoc|Any CPU = Ad-Hoc|Any CPU
		Ad-Hoc|ARM = Ad-Hoc|ARM
		Ad-Hoc|iPhone = Ad-Hoc|iPhone
		Ad-Hoc|iPhoneSimulator = Ad-Hoc|iPhoneSimulator
		Ad-Hoc|x64 = Ad-Hoc|x64
		Ad-Hoc|x86 = Ad-Hoc|x86
		AppStore|Any CPU = AppStore|Any CPU
		AppStore|ARM = AppStore|ARM
		AppStore|iPhone = AppStore|iPhone
		AppStore|iPhoneSimulator = AppStore|iPhoneSimulator
		AppStore|x64 = AppStore|x64
		AppStore|x86 = AppStore|x86
		Debug|Any CPU = Debug|Any CPU
		Debug|ARM = Debug|ARM
		Debug|iPhone = Debug|iPhone
		Debug|iPhoneSimulator = Debug|iPhoneSimulator
		Debug|x64 = Debug|x64
		Debug|x86 = Debug|x86
		Release|Any CPU = Release|Any CPU
		Release|ARM = Release|ARM
		Release|iPhone = Release|iPhone
		Release|iPhoneSimulator = Release|iPhoneSimulator
		Release|x64 = Release|x64
		Release|x86 = Release|x86
	EndGlobalSection
	GlobalSection(ProjectConfigurationPlatforms) = postSolution
		{B161F44C-2A34-4D55-A3DF-CE92CDD9BAFE}.Ad-Hoc|Any CPU.ActiveCfg = Release|Any CPU
		{B161F44C-2A34-4D55-A3DF-CE92CDD9BAFE}.Ad-Hoc|Any CPU.Build.0 = Release|Any CPU
		{B161F44C-2A34-4D55-A3DF-CE92CDD9BAFE}.Ad-Hoc|Any CPU.Deploy.0 = Release|Any CPU
		{B161F44C-2A34-4D55-A3DF-CE92CDD9BAFE}.Ad-Hoc|ARM.ActiveCfg = Release|Any CPU
		{B161F44C-2A34-4D55-A3DF-CE92CDD9BAFE}.Ad-Hoc|ARM.Build.0 = Release|Any CPU
		{B161F44C-2A34-4D55-A3DF-CE92CDD9BAFE}.Ad-Hoc|ARM.Deploy.0 = Release|Any CPU
		{B161F44C-2A34-4D55-A3DF-CE92CDD9BAFE}.Ad-Hoc|iPhone.ActiveCfg = Release|Any CPU
		{B161F44C-2A34-4D55-A3DF-CE92CDD9BAFE}.Ad-Hoc|iPhone.Build.0 = Release|Any CPU
		{B161F44C-2A34-4D55-A3DF-CE92CDD9BAFE}.Ad-Hoc|iPhone.Deploy.0 = Release|Any CPU
		{B161F44C-2A34-4D55-A3DF-CE92CDD9BAFE}.Ad-Hoc|iPhoneSimulator.ActiveCfg = Release|Any CPU
		{B161F44C-2A34-4D55-A3DF-CE92CDD9BAFE}.Ad-Hoc|iPhoneSimulator.Build.0 = Release|Any CPU
		{B161F44C-2A34-4D55-A3DF-CE92CDD9BAFE}.Ad-Hoc|iPhoneSimulator.Deploy.0 = Release|Any CPU
		{B161F44C-2A34-4D55-A3DF-CE92CDD9BAFE}.Ad-Hoc|x64.ActiveCfg = Release|Any CPU
		{B161F44C-2A34-4D55-A3DF-CE92CDD9BAFE}.Ad-Hoc|x64.Build.0 = Release|Any CPU
		{B161F44C-2A34-4D55-A3DF-CE92CDD9BAFE}.Ad-Hoc|x64.Deploy.0 = Release|Any CPU
		{B161F44C-2A34-4D55-A3DF-CE92CDD9BAFE}.Ad-Hoc|x86.ActiveCfg = Release|Any CPU
		{B161F44C-2A34-4D55-A3DF-CE92CDD9BAFE}.Ad-Hoc|x86.Build.0 = Release|Any CPU
		{B161F44C-2A34-4D55-A3DF-CE92CDD9BAFE}.Ad-Hoc|x86.Deploy.0 = Release|Any CPU
		{B161F44C-2A34-4D55-A3DF-CE92CDD9BAFE}.AppStore|Any CPU.ActiveCfg = Release|Any CPU
		{B161F44C-2A34-4D55-A3DF-CE92CDD9BAFE}.AppStore|Any CPU.Build.0 = Release|Any CPU
		{B161F44C-2A34-4D55-A3DF-CE92CDD9BAFE}.AppStore|Any CPU.Deploy.0 = Release|Any CPU
		{B161F44C-2A34-4D55-A3DF-CE92CDD9BAFE}.AppStore|ARM.ActiveCfg = Release|Any CPU
		{B161F44C-2A34-4D55-A3DF-CE92CDD9BAFE}.AppStore|ARM.Build.0 = Release|Any CPU
		{B161F44C-2A34-4D55-A3DF-CE92CDD9BAFE}.AppStore|ARM.Deploy.0 = Release|Any CPU
		{B161F44C-2A34-4D55-A3DF-CE92CDD9BAFE}.AppStore|iPhone.ActiveCfg = Release|Any CPU
		{B161F44C-2A34-4D55-A3DF-CE92CDD9BAFE}.AppStore|iPhone.Build.0 = Release|Any CPU
		{B161F44C-2A34-4D55-A3DF-CE92CDD9BAFE}.AppStore|iPhone.Deploy.0 = Release|Any CPU
		{B161F44C-2A34-4D55-A3DF-CE92CDD9BAFE}.AppStore|iPhoneSimulator.ActiveCfg = Release|Any CPU
		{B161F44C-2A34-4D55-A3DF-CE92CDD9BAFE}.AppStore|iPhoneSimulator.Build.0 = Release|Any CPU
		{B161F44C-2A34-4D55-A3DF-CE92CDD9BAFE}.AppStore|iPhoneSimulator.Deploy.0 = Release|Any CPU
		{B161F44C-2A34-4D55-A3DF-CE92CDD9BAFE}.AppStore|x64.ActiveCfg = Release|Any CPU
		{B161F44C-2A34-4D55-A3DF-CE92CDD9BAFE}.AppStore|x64.Build.0 = Release|Any CPU
		{B161F44C-2A34-4D55-A3DF-CE92CDD9BAFE}.AppStore|x64.Deploy.0 = Release|Any CPU
		{B161F44C-2A34-4D55-A3DF-CE92CDD9BAFE}.AppStore|x86.ActiveCfg = Release|Any CPU
		{B161F44C-2A34-4D55-A3DF-CE92CDD9BAFE}.AppStore|x86.Build.0 = Release|Any CPU
		{B161F44C-2A34-4D55-A3DF-CE92CDD9BAFE}.AppStore|x86.Deploy.0 = Release|Any CPU
		{B161F44C-2A34-4D55-A3DF-CE92CDD9BAFE}.Debug|Any CPU.ActiveCfg = Debug|Any CPU
		{B161F44C-2A34-4D55-A3DF-CE92CDD9BAFE}.Debug|Any CPU.Build.0 = Debug|Any CPU
		{B161F44C-2A34-4D55-A3DF-CE92CDD9BAFE}.Debug|Any CPU.Deploy.0 = Debug|Any CPU
		{B161F44C-2A34-4D55-A3DF-CE92CDD9BAFE}.Debug|ARM.ActiveCfg = Debug|Any CPU
		{B161F44C-2A34-4D55-A3DF-CE92CDD9BAFE}.Debug|ARM.Build.0 = Debug|Any CPU
		{B161F44C-2A34-4D55-A3DF-CE92CDD9BAFE}.Debug|ARM.Deploy.0 = Debug|Any CPU
		{B161F44C-2A34-4D55-A3DF-CE92CDD9BAFE}.Debug|iPhone.ActiveCfg = Debug|Any CPU
		{B161F44C-2A34-4D55-A3DF-CE92CDD9BAFE}.Debug|iPhone.Build.0 = Debug|Any CPU
		{B161F44C-2A34-4D55-A3DF-CE92CDD9BAFE}.Debug|iPhone.Deploy.0 = Debug|Any CPU
		{B161F44C-2A34-4D55-A3DF-CE92CDD9BAFE}.Debug|iPhoneSimulator.ActiveCfg = Debug|Any CPU
		{B161F44C-2A34-4D55-A3DF-CE92CDD9BAFE}.Debug|iPhoneSimulator.Build.0 = Debug|Any CPU
		{B161F44C-2A34-4D55-A3DF-CE92CDD9BAFE}.Debug|iPhoneSimulator.Deploy.0 = Debug|Any CPU
		{B161F44C-2A34-4D55-A3DF-CE92CDD9BAFE}.Debug|x64.ActiveCfg = Debug|Any CPU
		{B161F44C-2A34-4D55-A3DF-CE92CDD9BAFE}.Debug|x64.Build.0 = Debug|Any CPU
		{B161F44C-2A34-4D55-A3DF-CE92CDD9BAFE}.Debug|x64.Deploy.0 = Debug|Any CPU
		{B161F44C-2A34-4D55-A3DF-CE92CDD9BAFE}.Debug|x86.ActiveCfg = Debug|Any CPU
		{B161F44C-2A34-4D55-A3DF-CE92CDD9BAFE}.Debug|x86.Build.0 = Debug|Any CPU
		{B161F44C-2A34-4D55-A3DF-CE92CDD9BAFE}.Debug|x86.Deploy.0 = Debug|Any CPU
		{B161F44C-2A34-4D55-A3DF-CE92CDD9BAFE}.Release|Any CPU.ActiveCfg = Release|Any CPU
		{B161F44C-2A34-4D55-A3DF-CE92CDD9BAFE}.Release|Any CPU.Build.0 = Release|Any CPU
		{B161F44C-2A34-4D55-A3DF-CE92CDD9BAFE}.Release|Any CPU.Deploy.0 = Release|Any CPU
		{B161F44C-2A34-4D55-A3DF-CE92CDD9BAFE}.Release|ARM.ActiveCfg = Release|Any CPU
		{B161F44C-2A34-4D55-A3DF-CE92CDD9BAFE}.Release|ARM.Build.0 = Release|Any CPU
		{B161F44C-2A34-4D55-A3DF-CE92CDD9BAFE}.Release|ARM.Deploy.0 = Release|Any CPU
		{B161F44C-2A34-4D55-A3DF-CE92CDD9BAFE}.Release|iPhone.ActiveCfg = Release|Any CPU
		{B161F44C-2A34-4D55-A3DF-CE92CDD9BAFE}.Release|iPhone.Build.0 = Release|Any CPU
		{B161F44C-2A34-4D55-A3DF-CE92CDD9BAFE}.Release|iPhone.Deploy.0 = Release|Any CPU
		{B161F44C-2A34-4D55-A3DF-CE92CDD9BAFE}.Release|iPhoneSimulator.ActiveCfg = Release|Any CPU
		{B161F44C-2A34-4D55-A3DF-CE92CDD9BAFE}.Release|iPhoneSimulator.Build.0 = Release|Any CPU
		{B161F44C-2A34-4D55-A3DF-CE92CDD9BAFE}.Release|iPhoneSimulator.Deploy.0 = Release|Any CPU
		{B161F44C-2A34-4D55-A3DF-CE92CDD9BAFE}.Release|x64.ActiveCfg = Release|Any CPU
		{B161F44C-2A34-4D55-A3DF-CE92CDD9BAFE}.Release|x64.Build.0 = Release|Any CPU
		{B161F44C-2A34-4D55-A3DF-CE92CDD9BAFE}.Release|x64.Deploy.0 = Release|Any CPU
		{B161F44C-2A34-4D55-A3DF-CE92CDD9BAFE}.Release|x86.ActiveCfg = Release|Any CPU
		{B161F44C-2A34-4D55-A3DF-CE92CDD9BAFE}.Release|x86.Build.0 = Release|Any CPU
		{B161F44C-2A34-4D55-A3DF-CE92CDD9BAFE}.Release|x86.Deploy.0 = Release|Any CPU
		{E5585A9B-4165-4CB0-BEC4-D1A2AA056E7A}.Ad-Hoc|Any CPU.ActiveCfg = Release|x64
		{E5585A9B-4165-4CB0-BEC4-D1A2AA056E7A}.Ad-Hoc|Any CPU.Build.0 = Release|x64
		{E5585A9B-4165-4CB0-BEC4-D1A2AA056E7A}.Ad-Hoc|Any CPU.Deploy.0 = Release|x64
		{E5585A9B-4165-4CB0-BEC4-D1A2AA056E7A}.Ad-Hoc|ARM.ActiveCfg = Release|ARM
		{E5585A9B-4165-4CB0-BEC4-D1A2AA056E7A}.Ad-Hoc|ARM.Build.0 = Release|ARM
		{E5585A9B-4165-4CB0-BEC4-D1A2AA056E7A}.Ad-Hoc|ARM.Deploy.0 = Release|ARM
		{E5585A9B-4165-4CB0-BEC4-D1A2AA056E7A}.Ad-Hoc|iPhone.ActiveCfg = Release|x64
		{E5585A9B-4165-4CB0-BEC4-D1A2AA056E7A}.Ad-Hoc|iPhone.Build.0 = Release|x64
		{E5585A9B-4165-4CB0-BEC4-D1A2AA056E7A}.Ad-Hoc|iPhone.Deploy.0 = Release|x64
		{E5585A9B-4165-4CB0-BEC4-D1A2AA056E7A}.Ad-Hoc|iPhoneSimulator.ActiveCfg = Release|x64
		{E5585A9B-4165-4CB0-BEC4-D1A2AA056E7A}.Ad-Hoc|iPhoneSimulator.Build.0 = Release|x64
		{E5585A9B-4165-4CB0-BEC4-D1A2AA056E7A}.Ad-Hoc|iPhoneSimulator.Deploy.0 = Release|x64
		{E5585A9B-4165-4CB0-BEC4-D1A2AA056E7A}.Ad-Hoc|x64.ActiveCfg = Release|x64
		{E5585A9B-4165-4CB0-BEC4-D1A2AA056E7A}.Ad-Hoc|x64.Build.0 = Release|x64
		{E5585A9B-4165-4CB0-BEC4-D1A2AA056E7A}.Ad-Hoc|x64.Deploy.0 = Release|x64
		{E5585A9B-4165-4CB0-BEC4-D1A2AA056E7A}.Ad-Hoc|x86.ActiveCfg = Release|x86
		{E5585A9B-4165-4CB0-BEC4-D1A2AA056E7A}.Ad-Hoc|x86.Build.0 = Release|x86
		{E5585A9B-4165-4CB0-BEC4-D1A2AA056E7A}.Ad-Hoc|x86.Deploy.0 = Release|x86
		{E5585A9B-4165-4CB0-BEC4-D1A2AA056E7A}.AppStore|Any CPU.ActiveCfg = Release|x64
		{E5585A9B-4165-4CB0-BEC4-D1A2AA056E7A}.AppStore|Any CPU.Build.0 = Release|x64
		{E5585A9B-4165-4CB0-BEC4-D1A2AA056E7A}.AppStore|Any CPU.Deploy.0 = Release|x64
		{E5585A9B-4165-4CB0-BEC4-D1A2AA056E7A}.AppStore|ARM.ActiveCfg = Release|ARM
		{E5585A9B-4165-4CB0-BEC4-D1A2AA056E7A}.AppStore|ARM.Build.0 = Release|ARM
		{E5585A9B-4165-4CB0-BEC4-D1A2AA056E7A}.AppStore|ARM.Deploy.0 = Release|ARM
		{E5585A9B-4165-4CB0-BEC4-D1A2AA056E7A}.AppStore|iPhone.ActiveCfg = Release|x64
		{E5585A9B-4165-4CB0-BEC4-D1A2AA056E7A}.AppStore|iPhone.Build.0 = Release|x64
		{E5585A9B-4165-4CB0-BEC4-D1A2AA056E7A}.AppStore|iPhone.Deploy.0 = Release|x64
		{E5585A9B-4165-4CB0-BEC4-D1A2AA056E7A}.AppStore|iPhoneSimulator.ActiveCfg = Release|x64
		{E5585A9B-4165-4CB0-BEC4-D1A2AA056E7A}.AppStore|iPhoneSimulator.Build.0 = Release|x64
		{E5585A9B-4165-4CB0-BEC4-D1A2AA056E7A}.AppStore|iPhoneSimulator.Deploy.0 = Release|x64
		{E5585A9B-4165-4CB0-BEC4-D1A2AA056E7A}.AppStore|x64.ActiveCfg = Release|x64
		{E5585A9B-4165-4CB0-BEC4-D1A2AA056E7A}.AppStore|x64.Build.0 = Release|x64
		{E5585A9B-4165-4CB0-BEC4-D1A2AA056E7A}.AppStore|x64.Deploy.0 = Release|x64
		{E5585A9B-4165-4CB0-BEC4-D1A2AA056E7A}.AppStore|x86.ActiveCfg = Release|x86
		{E5585A9B-4165-4CB0-BEC4-D1A2AA056E7A}.AppStore|x86.Build.0 = Release|x86
		{E5585A9B-4165-4CB0-BEC4-D1A2AA056E7A}.AppStore|x86.Deploy.0 = Release|x86
		{E5585A9B-4165-4CB0-BEC4-D1A2AA056E7A}.Debug|Any CPU.ActiveCfg = Debug|x86
		{E5585A9B-4165-4CB0-BEC4-D1A2AA056E7A}.Debug|ARM.ActiveCfg = Debug|ARM
		{E5585A9B-4165-4CB0-BEC4-D1A2AA056E7A}.Debug|ARM.Build.0 = Debug|ARM
		{E5585A9B-4165-4CB0-BEC4-D1A2AA056E7A}.Debug|ARM.Deploy.0 = Debug|ARM
		{E5585A9B-4165-4CB0-BEC4-D1A2AA056E7A}.Debug|iPhone.ActiveCfg = Debug|x86
		{E5585A9B-4165-4CB0-BEC4-D1A2AA056E7A}.Debug|iPhoneSimulator.ActiveCfg = Debug|x86
		{E5585A9B-4165-4CB0-BEC4-D1A2AA056E7A}.Debug|x64.ActiveCfg = Debug|x64
		{E5585A9B-4165-4CB0-BEC4-D1A2AA056E7A}.Debug|x64.Build.0 = Debug|x64
		{E5585A9B-4165-4CB0-BEC4-D1A2AA056E7A}.Debug|x64.Deploy.0 = Debug|x64
		{E5585A9B-4165-4CB0-BEC4-D1A2AA056E7A}.Debug|x86.ActiveCfg = Debug|x86
		{E5585A9B-4165-4CB0-BEC4-D1A2AA056E7A}.Debug|x86.Build.0 = Debug|x86
		{E5585A9B-4165-4CB0-BEC4-D1A2AA056E7A}.Debug|x86.Deploy.0 = Debug|x86
		{E5585A9B-4165-4CB0-BEC4-D1A2AA056E7A}.Release|Any CPU.ActiveCfg = Release|x86
		{E5585A9B-4165-4CB0-BEC4-D1A2AA056E7A}.Release|ARM.ActiveCfg = Release|ARM
		{E5585A9B-4165-4CB0-BEC4-D1A2AA056E7A}.Release|ARM.Build.0 = Release|ARM
		{E5585A9B-4165-4CB0-BEC4-D1A2AA056E7A}.Release|ARM.Deploy.0 = Release|ARM
		{E5585A9B-4165-4CB0-BEC4-D1A2AA056E7A}.Release|iPhone.ActiveCfg = Release|x86
		{E5585A9B-4165-4CB0-BEC4-D1A2AA056E7A}.Release|iPhoneSimulator.ActiveCfg = Release|x86
		{E5585A9B-4165-4CB0-BEC4-D1A2AA056E7A}.Release|x64.ActiveCfg = Release|x64
		{E5585A9B-4165-4CB0-BEC4-D1A2AA056E7A}.Release|x64.Build.0 = Release|x64
		{E5585A9B-4165-4CB0-BEC4-D1A2AA056E7A}.Release|x64.Deploy.0 = Release|x64
		{E5585A9B-4165-4CB0-BEC4-D1A2AA056E7A}.Release|x86.ActiveCfg = Release|x86
		{E5585A9B-4165-4CB0-BEC4-D1A2AA056E7A}.Release|x86.Build.0 = Release|x86
		{E5585A9B-4165-4CB0-BEC4-D1A2AA056E7A}.Release|x86.Deploy.0 = Release|x86
		{67C05C1B-8501-497E-9441-BAFAC38C2BC9}.Ad-Hoc|Any CPU.ActiveCfg = Debug|Any CPU
		{67C05C1B-8501-497E-9441-BAFAC38C2BC9}.Ad-Hoc|Any CPU.Build.0 = Debug|Any CPU
		{67C05C1B-8501-497E-9441-BAFAC38C2BC9}.Ad-Hoc|ARM.ActiveCfg = Debug|Any CPU
		{67C05C1B-8501-497E-9441-BAFAC38C2BC9}.Ad-Hoc|ARM.Build.0 = Debug|Any CPU
		{67C05C1B-8501-497E-9441-BAFAC38C2BC9}.Ad-Hoc|iPhone.ActiveCfg = Debug|Any CPU
		{67C05C1B-8501-497E-9441-BAFAC38C2BC9}.Ad-Hoc|iPhone.Build.0 = Debug|Any CPU
		{67C05C1B-8501-497E-9441-BAFAC38C2BC9}.Ad-Hoc|iPhoneSimulator.ActiveCfg = Debug|Any CPU
		{67C05C1B-8501-497E-9441-BAFAC38C2BC9}.Ad-Hoc|iPhoneSimulator.Build.0 = Debug|Any CPU
		{67C05C1B-8501-497E-9441-BAFAC38C2BC9}.Ad-Hoc|x64.ActiveCfg = Debug|Any CPU
		{67C05C1B-8501-497E-9441-BAFAC38C2BC9}.Ad-Hoc|x64.Build.0 = Debug|Any CPU
		{67C05C1B-8501-497E-9441-BAFAC38C2BC9}.Ad-Hoc|x86.ActiveCfg = Debug|Any CPU
		{67C05C1B-8501-497E-9441-BAFAC38C2BC9}.Ad-Hoc|x86.Build.0 = Debug|Any CPU
		{67C05C1B-8501-497E-9441-BAFAC38C2BC9}.AppStore|Any CPU.ActiveCfg = Debug|Any CPU
		{67C05C1B-8501-497E-9441-BAFAC38C2BC9}.AppStore|Any CPU.Build.0 = Debug|Any CPU
		{67C05C1B-8501-497E-9441-BAFAC38C2BC9}.AppStore|ARM.ActiveCfg = Debug|Any CPU
		{67C05C1B-8501-497E-9441-BAFAC38C2BC9}.AppStore|ARM.Build.0 = Debug|Any CPU
		{67C05C1B-8501-497E-9441-BAFAC38C2BC9}.AppStore|iPhone.ActiveCfg = Debug|Any CPU
		{67C05C1B-8501-497E-9441-BAFAC38C2BC9}.AppStore|iPhone.Build.0 = Debug|Any CPU
		{67C05C1B-8501-497E-9441-BAFAC38C2BC9}.AppStore|iPhoneSimulator.ActiveCfg = Debug|Any CPU
		{67C05C1B-8501-497E-9441-BAFAC38C2BC9}.AppStore|iPhoneSimulator.Build.0 = Debug|Any CPU
		{67C05C1B-8501-497E-9441-BAFAC38C2BC9}.AppStore|x64.ActiveCfg = Debug|Any CPU
		{67C05C1B-8501-497E-9441-BAFAC38C2BC9}.AppStore|x64.Build.0 = Debug|Any CPU
		{67C05C1B-8501-497E-9441-BAFAC38C2BC9}.AppStore|x86.ActiveCfg = Debug|Any CPU
		{67C05C1B-8501-497E-9441-BAFAC38C2BC9}.AppStore|x86.Build.0 = Debug|Any CPU
		{67C05C1B-8501-497E-9441-BAFAC38C2BC9}.Debug|Any CPU.ActiveCfg = Debug|Any CPU
		{67C05C1B-8501-497E-9441-BAFAC38C2BC9}.Debug|Any CPU.Build.0 = Debug|Any CPU
		{67C05C1B-8501-497E-9441-BAFAC38C2BC9}.Debug|ARM.ActiveCfg = Debug|Any CPU
		{67C05C1B-8501-497E-9441-BAFAC38C2BC9}.Debug|ARM.Build.0 = Debug|Any CPU
		{67C05C1B-8501-497E-9441-BAFAC38C2BC9}.Debug|iPhone.ActiveCfg = Debug|Any CPU
		{67C05C1B-8501-497E-9441-BAFAC38C2BC9}.Debug|iPhone.Build.0 = Debug|Any CPU
		{67C05C1B-8501-497E-9441-BAFAC38C2BC9}.Debug|iPhoneSimulator.ActiveCfg = Debug|Any CPU
		{67C05C1B-8501-497E-9441-BAFAC38C2BC9}.Debug|iPhoneSimulator.Build.0 = Debug|Any CPU
		{67C05C1B-8501-497E-9441-BAFAC38C2BC9}.Debug|x64.ActiveCfg = Debug|Any CPU
		{67C05C1B-8501-497E-9441-BAFAC38C2BC9}.Debug|x64.Build.0 = Debug|Any CPU
		{67C05C1B-8501-497E-9441-BAFAC38C2BC9}.Debug|x86.ActiveCfg = Debug|Any CPU
		{67C05C1B-8501-497E-9441-BAFAC38C2BC9}.Debug|x86.Build.0 = Debug|Any CPU
		{67C05C1B-8501-497E-9441-BAFAC38C2BC9}.Release|Any CPU.ActiveCfg = Release|Any CPU
		{67C05C1B-8501-497E-9441-BAFAC38C2BC9}.Release|Any CPU.Build.0 = Release|Any CPU
		{67C05C1B-8501-497E-9441-BAFAC38C2BC9}.Release|ARM.ActiveCfg = Release|Any CPU
		{67C05C1B-8501-497E-9441-BAFAC38C2BC9}.Release|ARM.Build.0 = Release|Any CPU
		{67C05C1B-8501-497E-9441-BAFAC38C2BC9}.Release|iPhone.ActiveCfg = Release|Any CPU
		{67C05C1B-8501-497E-9441-BAFAC38C2BC9}.Release|iPhone.Build.0 = Release|Any CPU
		{67C05C1B-8501-497E-9441-BAFAC38C2BC9}.Release|iPhoneSimulator.ActiveCfg = Release|Any CPU
		{67C05C1B-8501-497E-9441-BAFAC38C2BC9}.Release|iPhoneSimulator.Build.0 = Release|Any CPU
		{67C05C1B-8501-497E-9441-BAFAC38C2BC9}.Release|x64.ActiveCfg = Release|Any CPU
		{67C05C1B-8501-497E-9441-BAFAC38C2BC9}.Release|x64.Build.0 = Release|Any CPU
		{67C05C1B-8501-497E-9441-BAFAC38C2BC9}.Release|x86.ActiveCfg = Release|Any CPU
		{67C05C1B-8501-497E-9441-BAFAC38C2BC9}.Release|x86.Build.0 = Release|Any CPU
		{1C26096A-66BB-433B-BB93-DE25FF54426E}.Ad-Hoc|Any CPU.ActiveCfg = Ad-Hoc|iPhone
		{1C26096A-66BB-433B-BB93-DE25FF54426E}.Ad-Hoc|ARM.ActiveCfg = Ad-Hoc|iPhone
		{1C26096A-66BB-433B-BB93-DE25FF54426E}.Ad-Hoc|iPhone.ActiveCfg = Ad-Hoc|iPhone
		{1C26096A-66BB-433B-BB93-DE25FF54426E}.Ad-Hoc|iPhone.Build.0 = Ad-Hoc|iPhone
		{1C26096A-66BB-433B-BB93-DE25FF54426E}.Ad-Hoc|iPhoneSimulator.ActiveCfg = Ad-Hoc|iPhoneSimulator
		{1C26096A-66BB-433B-BB93-DE25FF54426E}.Ad-Hoc|iPhoneSimulator.Build.0 = Ad-Hoc|iPhoneSimulator
		{1C26096A-66BB-433B-BB93-DE25FF54426E}.Ad-Hoc|x64.ActiveCfg = Ad-Hoc|iPhone
		{1C26096A-66BB-433B-BB93-DE25FF54426E}.Ad-Hoc|x86.ActiveCfg = Ad-Hoc|iPhone
		{1C26096A-66BB-433B-BB93-DE25FF54426E}.AppStore|Any CPU.ActiveCfg = AppStore|iPhone
		{1C26096A-66BB-433B-BB93-DE25FF54426E}.AppStore|ARM.ActiveCfg = AppStore|iPhone
		{1C26096A-66BB-433B-BB93-DE25FF54426E}.AppStore|iPhone.ActiveCfg = AppStore|iPhone
		{1C26096A-66BB-433B-BB93-DE25FF54426E}.AppStore|iPhone.Build.0 = AppStore|iPhone
		{1C26096A-66BB-433B-BB93-DE25FF54426E}.AppStore|iPhoneSimulator.ActiveCfg = AppStore|iPhoneSimulator
		{1C26096A-66BB-433B-BB93-DE25FF54426E}.AppStore|iPhoneSimulator.Build.0 = AppStore|iPhoneSimulator
		{1C26096A-66BB-433B-BB93-DE25FF54426E}.AppStore|x64.ActiveCfg = AppStore|iPhone
		{1C26096A-66BB-433B-BB93-DE25FF54426E}.AppStore|x86.ActiveCfg = AppStore|iPhone
		{1C26096A-66BB-433B-BB93-DE25FF54426E}.Debug|Any CPU.ActiveCfg = Debug|iPhone
		{1C26096A-66BB-433B-BB93-DE25FF54426E}.Debug|ARM.ActiveCfg = Debug|iPhone
		{1C26096A-66BB-433B-BB93-DE25FF54426E}.Debug|iPhone.ActiveCfg = Debug|iPhone
		{1C26096A-66BB-433B-BB93-DE25FF54426E}.Debug|iPhone.Build.0 = Debug|iPhone
		{1C26096A-66BB-433B-BB93-DE25FF54426E}.Debug|iPhoneSimulator.ActiveCfg = Debug|iPhoneSimulator
		{1C26096A-66BB-433B-BB93-DE25FF54426E}.Debug|iPhoneSimulator.Build.0 = Debug|iPhoneSimulator
		{1C26096A-66BB-433B-BB93-DE25FF54426E}.Debug|x64.ActiveCfg = Debug|iPhone
		{1C26096A-66BB-433B-BB93-DE25FF54426E}.Debug|x86.ActiveCfg = Debug|iPhone
		{1C26096A-66BB-433B-BB93-DE25FF54426E}.Release|Any CPU.ActiveCfg = Release|iPhone
		{1C26096A-66BB-433B-BB93-DE25FF54426E}.Release|ARM.ActiveCfg = Release|iPhone
		{1C26096A-66BB-433B-BB93-DE25FF54426E}.Release|iPhone.ActiveCfg = Release|iPhone
		{1C26096A-66BB-433B-BB93-DE25FF54426E}.Release|iPhone.Build.0 = Release|iPhone
		{1C26096A-66BB-433B-BB93-DE25FF54426E}.Release|iPhoneSimulator.ActiveCfg = Release|iPhoneSimulator
		{1C26096A-66BB-433B-BB93-DE25FF54426E}.Release|iPhoneSimulator.Build.0 = Release|iPhoneSimulator
		{1C26096A-66BB-433B-BB93-DE25FF54426E}.Release|x64.ActiveCfg = Release|iPhone
		{1C26096A-66BB-433B-BB93-DE25FF54426E}.Release|x86.ActiveCfg = Release|iPhone
		{70FD27B4-DD83-4AA0-8178-7D3F22833C0B}.Ad-Hoc|Any CPU.ActiveCfg = Release|Any CPU
		{70FD27B4-DD83-4AA0-8178-7D3F22833C0B}.Ad-Hoc|Any CPU.Build.0 = Release|Any CPU
		{70FD27B4-DD83-4AA0-8178-7D3F22833C0B}.Ad-Hoc|ARM.ActiveCfg = Release|Any CPU
		{70FD27B4-DD83-4AA0-8178-7D3F22833C0B}.Ad-Hoc|ARM.Build.0 = Release|Any CPU
		{70FD27B4-DD83-4AA0-8178-7D3F22833C0B}.Ad-Hoc|iPhone.ActiveCfg = Release|Any CPU
		{70FD27B4-DD83-4AA0-8178-7D3F22833C0B}.Ad-Hoc|iPhone.Build.0 = Release|Any CPU
		{70FD27B4-DD83-4AA0-8178-7D3F22833C0B}.Ad-Hoc|iPhoneSimulator.ActiveCfg = Release|Any CPU
		{70FD27B4-DD83-4AA0-8178-7D3F22833C0B}.Ad-Hoc|iPhoneSimulator.Build.0 = Release|Any CPU
		{70FD27B4-DD83-4AA0-8178-7D3F22833C0B}.Ad-Hoc|x64.ActiveCfg = Release|Any CPU
		{70FD27B4-DD83-4AA0-8178-7D3F22833C0B}.Ad-Hoc|x64.Build.0 = Release|Any CPU
		{70FD27B4-DD83-4AA0-8178-7D3F22833C0B}.Ad-Hoc|x86.ActiveCfg = Release|Any CPU
		{70FD27B4-DD83-4AA0-8178-7D3F22833C0B}.Ad-Hoc|x86.Build.0 = Release|Any CPU
		{70FD27B4-DD83-4AA0-8178-7D3F22833C0B}.AppStore|Any CPU.ActiveCfg = Release|Any CPU
		{70FD27B4-DD83-4AA0-8178-7D3F22833C0B}.AppStore|Any CPU.Build.0 = Release|Any CPU
		{70FD27B4-DD83-4AA0-8178-7D3F22833C0B}.AppStore|ARM.ActiveCfg = Release|Any CPU
		{70FD27B4-DD83-4AA0-8178-7D3F22833C0B}.AppStore|ARM.Build.0 = Release|Any CPU
		{70FD27B4-DD83-4AA0-8178-7D3F22833C0B}.AppStore|iPhone.ActiveCfg = Release|Any CPU
		{70FD27B4-DD83-4AA0-8178-7D3F22833C0B}.AppStore|iPhone.Build.0 = Release|Any CPU
		{70FD27B4-DD83-4AA0-8178-7D3F22833C0B}.AppStore|iPhoneSimulator.ActiveCfg = Release|Any CPU
		{70FD27B4-DD83-4AA0-8178-7D3F22833C0B}.AppStore|iPhoneSimulator.Build.0 = Release|Any CPU
		{70FD27B4-DD83-4AA0-8178-7D3F22833C0B}.AppStore|x64.ActiveCfg = Release|Any CPU
		{70FD27B4-DD83-4AA0-8178-7D3F22833C0B}.AppStore|x64.Build.0 = Release|Any CPU
		{70FD27B4-DD83-4AA0-8178-7D3F22833C0B}.AppStore|x86.ActiveCfg = Release|Any CPU
		{70FD27B4-DD83-4AA0-8178-7D3F22833C0B}.AppStore|x86.Build.0 = Release|Any CPU
		{70FD27B4-DD83-4AA0-8178-7D3F22833C0B}.Debug|Any CPU.ActiveCfg = Debug|Any CPU
		{70FD27B4-DD83-4AA0-8178-7D3F22833C0B}.Debug|Any CPU.Build.0 = Debug|Any CPU
		{70FD27B4-DD83-4AA0-8178-7D3F22833C0B}.Debug|ARM.ActiveCfg = Debug|Any CPU
		{70FD27B4-DD83-4AA0-8178-7D3F22833C0B}.Debug|ARM.Build.0 = Debug|Any CPU
		{70FD27B4-DD83-4AA0-8178-7D3F22833C0B}.Debug|iPhone.ActiveCfg = Debug|Any CPU
		{70FD27B4-DD83-4AA0-8178-7D3F22833C0B}.Debug|iPhone.Build.0 = Debug|Any CPU
		{70FD27B4-DD83-4AA0-8178-7D3F22833C0B}.Debug|iPhoneSimulator.ActiveCfg = Debug|Any CPU
		{70FD27B4-DD83-4AA0-8178-7D3F22833C0B}.Debug|iPhoneSimulator.Build.0 = Debug|Any CPU
		{70FD27B4-DD83-4AA0-8178-7D3F22833C0B}.Debug|x64.ActiveCfg = Debug|Any CPU
		{70FD27B4-DD83-4AA0-8178-7D3F22833C0B}.Debug|x64.Build.0 = Debug|Any CPU
		{70FD27B4-DD83-4AA0-8178-7D3F22833C0B}.Debug|x86.ActiveCfg = Debug|Any CPU
		{70FD27B4-DD83-4AA0-8178-7D3F22833C0B}.Debug|x86.Build.0 = Debug|Any CPU
		{70FD27B4-DD83-4AA0-8178-7D3F22833C0B}.Release|Any CPU.ActiveCfg = Release|Any CPU
		{70FD27B4-DD83-4AA0-8178-7D3F22833C0B}.Release|Any CPU.Build.0 = Release|Any CPU
		{70FD27B4-DD83-4AA0-8178-7D3F22833C0B}.Release|ARM.ActiveCfg = Release|Any CPU
		{70FD27B4-DD83-4AA0-8178-7D3F22833C0B}.Release|ARM.Build.0 = Release|Any CPU
		{70FD27B4-DD83-4AA0-8178-7D3F22833C0B}.Release|iPhone.ActiveCfg = Release|Any CPU
		{70FD27B4-DD83-4AA0-8178-7D3F22833C0B}.Release|iPhone.Build.0 = Release|Any CPU
		{70FD27B4-DD83-4AA0-8178-7D3F22833C0B}.Release|iPhoneSimulator.ActiveCfg = Release|Any CPU
		{70FD27B4-DD83-4AA0-8178-7D3F22833C0B}.Release|iPhoneSimulator.Build.0 = Release|Any CPU
		{70FD27B4-DD83-4AA0-8178-7D3F22833C0B}.Release|x64.ActiveCfg = Release|Any CPU
		{70FD27B4-DD83-4AA0-8178-7D3F22833C0B}.Release|x64.Build.0 = Release|Any CPU
		{70FD27B4-DD83-4AA0-8178-7D3F22833C0B}.Release|x86.ActiveCfg = Release|Any CPU
		{70FD27B4-DD83-4AA0-8178-7D3F22833C0B}.Release|x86.Build.0 = Release|Any CPU
	EndGlobalSection
	GlobalSection(SolutionProperties) = preSolution
		HideSolutionNode = FALSE
	EndGlobalSection
	GlobalSection(ExtensibilityGlobals) = postSolution
		SolutionGuid = {6A5082EA-4A72-4EED-8080-A7E80CEB72D1}
	EndGlobalSection
EndGlobal
